
Microsoft Visual Studio Solution File, Format Version 12.00
# Visual Studio Version 16
VisualStudioVersion = 16.0.31727.386
MinimumVisualStudioVersion = 10.0.40219.1
Project("{FAE04EC0-301F-11D3-BF4B-00C04F79EFBC}") = "GC_StudentDatabase", "GC_StudentDatabase\GC_StudentDatabase.csproj", "{D18454AC-B648-4959-AED0-B0B45D086F42}"
EndProject
Global
	GlobalSection(SolutionConfigurationPlatforms) = preSolution
		Debug|Any CPU = Debug|Any CPU
		Release|Any CPU = Release|Any CPU
	EndGlobalSection
	GlobalSection(ProjectConfigurationPlatforms) = postSolution
		{D18454AC-B648-4959-AED0-B0B45D086F42}.Debug|Any CPU.ActiveCfg = Debug|Any CPU
		{D18454AC-B648-4959-AED0-B0B45D086F42}.Debug|Any CPU.Build.0 = Debug|Any CPU
		{D18454AC-B648-4959-AED0-B0B45D086F42}.Release|Any CPU.ActiveCfg = Release|Any CPU
		{D18454AC-B648-4959-AED0-B0B45D086F42}.Release|Any CPU.Build.0 = Release|Any CPU
	EndGlobalSection
	GlobalSection(SolutionProperties) = preSolution
		HideSolutionNode = FALSE
	EndGlobalSection
	GlobalSection(ExtensibilityGlobals) = postSolution
		SolutionGuid = {1D3DF897-45C2-4D5C-AFD7-C1794C27206E}
	EndGlobalSection
EndGlobal
